// !$*UTF8*$!
{
	archiveVersion = 1;
	classes = {
	};
	objectVersion = 50;
	objects = {

/* Begin PBXBuildFile section */
		B32B305924BB476800C02ABC /* AppDelegate.swift in Sources */ = {isa = PBXBuildFile; fileRef = B32B305824BB476800C02ABC /* AppDelegate.swift */; };
		B32B305B24BB476800C02ABC /* SceneDelegate.swift in Sources */ = {isa = PBXBuildFile; fileRef = B32B305A24BB476800C02ABC /* SceneDelegate.swift */; };
		B32B305E24BB476800C02ABC /* Lunaris.xcdatamodeld in Sources */ = {isa = PBXBuildFile; fileRef = B32B305C24BB476800C02ABC /* Lunaris.xcdatamodeld */; };
		B32B306024BB476800C02ABC /* ContentView.swift in Sources */ = {isa = PBXBuildFile; fileRef = B32B305F24BB476800C02ABC /* ContentView.swift */; };
		B32B306224BB476A00C02ABC /* Assets.xcassets in Resources */ = {isa = PBXBuildFile; fileRef = B32B306124BB476A00C02ABC /* Assets.xcassets */; };
		B32B306524BB476A00C02ABC /* Preview Assets.xcassets in Resources */ = {isa = PBXBuildFile; fileRef = B32B306424BB476A00C02ABC /* Preview Assets.xcassets */; };
		B32B306824BB476A00C02ABC /* LaunchScreen.storyboard in Resources */ = {isa = PBXBuildFile; fileRef = B32B306624BB476A00C02ABC /* LaunchScreen.storyboard */; };
/* End PBXBuildFile section */

/* Begin PBXFileReference section */
		B32B305524BB476800C02ABC /* Lunaris.app */ = {isa = PBXFileReference; explicitFileType = wrapper.application; includeInIndex = 0; path = Lunaris.app; sourceTree = BUILT_PRODUCTS_DIR; };
		B32B305824BB476800C02ABC /* AppDelegate.swift */ = {isa = PBXFileReference; lastKnownFileType = sourcecode.swift; path = AppDelegate.swift; sourceTree = "<group>"; };
		B32B305A24BB476800C02ABC /* SceneDelegate.swift */ = {isa = PBXFileReference; lastKnownFileType = sourcecode.swift; path = SceneDelegate.swift; sourceTree = "<group>"; };
		B32B305D24BB476800C02ABC /* Lunaris.xcdatamodel */ = {isa = PBXFileReference; lastKnownFileType = wrapper.xcdatamodel; path = Lunaris.xcdatamodel; sourceTree = "<group>"; };
		B32B305F24BB476800C02ABC /* ContentView.swift */ = {isa = PBXFileReference; lastKnownFileType = sourcecode.swift; path = ContentView.swift; sourceTree = "<group>"; };
		B32B306124BB476A00C02ABC /* Assets.xcassets */ = {isa = PBXFileReference; lastKnownFileType = folder.assetcatalog; path = Assets.xcassets; sourceTree = "<group>"; };
		B32B306424BB476A00C02ABC /* Preview Assets.xcassets */ = {isa = PBXFileReference; lastKnownFileType = folder.assetcatalog; path = "Preview Assets.xcassets"; sourceTree = "<group>"; };
		B32B306724BB476A00C02ABC /* Base */ = {isa = PBXFileReference; lastKnownFileType = file.storyboard; name = Base; path = Base.lproj/LaunchScreen.storyboard; sourceTree = "<group>"; };
		B32B306924BB476A00C02ABC /* Info.plist */ = {isa = PBXFileReference; lastKnownFileType = text.plist.xml; path = Info.plist; sourceTree = "<group>"; };
/* End PBXFileReference section */

/* Begin PBXFrameworksBuildPhase section */
		B32B305224BB476800C02ABC /* Frameworks */ = {
			isa = PBXFrameworksBuildPhase;
			buildActionMask = 2147483647;
			files = (
			);
			runOnlyForDeploymentPostprocessing = 0;
		};
/* End PBXFrameworksBuildPhase section */

/* Begin PBXGroup section */
		B32B304C24BB476800C02ABC = {
			isa = PBXGroup;
			children = (
				B32B305724BB476800C02ABC /* Lunaris */,
				B32B305624BB476800C02ABC /* Products */,
			);
			sourceTree = "<group>";
		};
		B32B305624BB476800C02ABC /* Products */ = {
			isa = PBXGroup;
			children = (
				B32B305524BB476800C02ABC /* Lunaris.app */,
			);
			name = Products;
			sourceTree = "<group>";
		};
		B32B305724BB476800C02ABC /* Lunaris */ = {
			isa = PBXGroup;
			children = (
				B32B305824BB476800C02ABC /* AppDelegate.swift */,
				B32B305A24BB476800C02ABC /* SceneDelegate.swift */,
				B32B305F24BB476800C02ABC /* ContentView.swift */,
				B32B306124BB476A00C02ABC /* Assets.xcassets */,
				B32B306624BB476A00C02ABC /* LaunchScreen.storyboard */,
				B32B306924BB476A00C02ABC /* Info.plist */,
				B32B305C24BB476800C02ABC /* Lunaris.xcdatamodeld */,
				B32B306324BB476A00C02ABC /* Preview Content */,
			);
			path = Lunaris;
			sourceTree = "<group>";
		};
		B32B306324BB476A00C02ABC /* Preview Content */ = {
			isa = PBXGroup;
			children = (
				B32B306424BB476A00C02ABC /* Preview Assets.xcassets */,
			);
			path = "Preview Content";
			sourceTree = "<group>";
		};
/* End PBXGroup section */

/* Begin PBXNativeTarget section */
		B32B305424BB476800C02ABC /* Lunaris */ = {
			isa = PBXNativeTarget;
			buildConfigurationList = B32B306C24BB476A00C02ABC /* Build configuration list for PBXNativeTarget "Lunaris" */;
			buildPhases = (
				B32B305124BB476800C02ABC /* Sources */,
				B32B305224BB476800C02ABC /* Frameworks */,
				B32B305324BB476800C02ABC /* Resources */,
			);
			buildRules = (
			);
			dependencies = (
			);
			name = Lunaris;
			productName = Lunaris;
			productReference = B32B305524BB476800C02ABC /* Lunaris.app */;
			productType = "com.apple.product-type.application";
		};
/* End PBXNativeTarget section */

/* Begin PBXProject section */
		B32B304D24BB476800C02ABC /* Project object */ = {
			isa = PBXProject;
			attributes = {
				LastSwiftUpdateCheck = 1150;
				LastUpgradeCheck = 1150;
				ORGANIZATIONNAME = NUS;
				TargetAttributes = {
					B32B305424BB476800C02ABC = {
						CreatedOnToolsVersion = 11.5;
					};
				};
			};
			buildConfigurationList = B32B305024BB476800C02ABC /* Build configuration list for PBXProject "Lunaris" */;
			compatibilityVersion = "Xcode 9.3";
			developmentRegion = en;
			hasScannedForEncodings = 0;
			knownRegions = (
				en,
				Base,
			);
			mainGroup = B32B304C24BB476800C02ABC;
			productRefGroup = B32B305624BB476800C02ABC /* Products */;
			projectDirPath = "";
			projectRoot = "";
			targets = (
				B32B305424BB476800C02ABC /* Lunaris */,
			);
		};
/* End PBXProject section */

/* Begin PBXResourcesBuildPhase section */
		B32B305324BB476800C02ABC /* Resources */ = {
			isa = PBXResourcesBuildPhase;
			buildActionMask = 2147483647;
			files = (
				B32B306824BB476A00C02ABC /* LaunchScreen.storyboard in Resources */,
				B32B306524BB476A00C02ABC /* Preview Assets.xcassets in Resources */,
				B32B306224BB476A00C02ABC /* Assets.xcassets in Resources */,
			);
			runOnlyForDeploymentPostprocessing = 0;
		};
/* End PBXResourcesBuildPhase section */

/* Begin PBXSourcesBuildPhase section */
		B32B305124BB476800C02ABC /* Sources */ = {
			isa = PBXSourcesBuildPhase;
			buildActionMask = 2147483647;
			files = (
				B32B305924BB476800C02ABC /* AppDelegate.swift in Sources */,
				B32B305B24BB476800C02ABC /* SceneDelegate.swift in Sources */,
				B32B306024BB476800C02ABC /* ContentView.swift in Sources */,
				B32B305E24BB476800C02ABC /* Lunaris.xcdatamodeld in Sources */,
			);
			runOnlyForDeploymentPostprocessing = 0;
		};
/* End PBXSourcesBuildPhase section */

/* Begin PBXVariantGroup section */
		B32B306624BB476A00C02ABC /* LaunchScreen.storyboard */ = {
			isa = PBXVariantGroup;
			children = (
				B32B306724BB476A00C02ABC /* Base */,
			);
			name = LaunchScreen.storyboard;
			sourceTree = "<group>";
		};
/* End PBXVariantGroup section */

/* Begin XCBuildConfiguration section */
		B32B306A24BB476A00C02ABC /* Debug */ = {
			isa = XCBuildConfiguration;
			buildSettings = {
				ALWAYS_SEARCH_USER_PATHS = NO;
				CLANG_ANALYZER_NONNULL = YES;
				CLANG_ANALYZER_NUMBER_OBJECT_CONVERSION = YES_AGGRESSIVE;
				CLANG_CXX_LANGUAGE_STANDARD = "gnu++14";
				CLANG_CXX_LIBRARY = "libc++";
				CLANG_ENABLE_MODULES = YES;
				CLANG_ENABLE_OBJC_ARC = YES;
				CLANG_ENABLE_OBJC_WEAK = YES;
				CLANG_WARN_BLOCK_CAPTURE_AUTORELEASING = YES;
				CLANG_WARN_BOOL_CONVERSION = YES;
				CLANG_WARN_COMMA = YES;
				CLANG_WARN_CONSTANT_CONVERSION = YES;
				CLANG_WARN_DEPRECATED_OBJC_IMPLEMENTATIONS = YES;
				CLANG_WARN_DIRECT_OBJC_ISA_USAGE = YES_ERROR;
				CLANG_WARN_DOCUMENTATION_COMMENTS = YES;
				CLANG_WARN_EMPTY_BODY = YES;
				CLANG_WARN_ENUM_CONVERSION = YES;
				CLANG_WARN_INFINITE_RECURSION = YES;
				CLANG_WARN_INT_CONVERSION = YES;
				CLANG_WARN_NON_LITERAL_NULL_CONVERSION = YES;
				CLANG_WARN_OBJC_IMPLICIT_RETAIN_SELF = YES;
				CLANG_WARN_OBJC_LITERAL_CONVERSION = YES;
				CLANG_WARN_OBJC_ROOT_CLASS = YES_ERROR;
				CLANG_WARN_RANGE_LOOP_ANALYSIS = YES;
				CLANG_WARN_STRICT_PROTOTYPES = YES;
				CLANG_WARN_SUSPICIOUS_MOVE = YES;
				CLANG_WARN_UNGUARDED_AVAILABILITY = YES_AGGRESSIVE;
				CLANG_WARN_UNREACHABLE_CODE = YES;
				CLANG_WARN__DUPLICATE_METHOD_MATCH = YES;
				COPY_PHASE_STRIP = NO;
				DEBUG_INFORMATION_FORMAT = dwarf;
				ENABLE_STRICT_OBJC_MSGSEND = YES;
				ENABLE_TESTABILITY = YES;
				GCC_C_LANGUAGE_STANDARD = gnu11;
				GCC_DYNAMIC_NO_PIC = NO;
				GCC_NO_COMMON_BLOCKS = YES;
				GCC_OPTIMIZATION_LEVEL = 0;
				GCC_PREPROCESSOR_DEFINITIONS = (
					"DEBUG=1",
					"$(inherited)",
				);
				GCC_WARN_64_TO_32_BIT_CONVERSION = YES;
				GCC_WARN_ABOUT_RETURN_TYPE = YES_ERROR;
				GCC_WARN_UNDECLARED_SELECTOR = YES;
				GCC_WARN_UNINITIALIZED_AUTOS = YES_AGGRESSIVE;
				GCC_WARN_UNUSED_FUNCTION = YES;
				GCC_WARN_UNUSED_VARIABLE = YES;
				IPHONEOS_DEPLOYMENT_TARGET = 13.5;
				MTL_ENABLE_DEBUG_INFO = INCLUDE_SOURCE;
				MTL_FAST_MATH = YES;
				ONLY_ACTIVE_ARCH = YES;
				SDKROOT = iphoneos;
				SWIFT_ACTIVE_COMPILATION_CONDITIONS = DEBUG;
				SWIFT_OPTIMIZATION_LEVEL = "-Onone";
			};
			name = Debug;
		};
		B32B306B24BB476A00C02ABC /* Release */ = {
			isa = XCBuildConfiguration;
			buildSettings = {
				ALWAYS_SEARCH_USER_PATHS = NO;
				CLANG_ANALYZER_NONNULL = YES;
				CLANG_ANALYZER_NUMBER_OBJECT_CONVERSION = YES_AGGRESSIVE;
				CLANG_CXX_LANGUAGE_STANDARD = "gnu++14";
				CLANG_CXX_LIBRARY = "libc++";
				CLANG_ENABLE_MODULES = YES;
				CLANG_ENABLE_OBJC_ARC = YES;
				CLANG_ENABLE_OBJC_WEAK = YES;
				CLANG_WARN_BLOCK_CAPTURE_AUTORELEASING = YES;
				CLANG_WARN_BOOL_CONVERSION = YES;
				CLANG_WARN_COMMA = YES;
				CLANG_WARN_CONSTANT_CONVERSION = YES;
				CLANG_WARN_DEPRECATED_OBJC_IMPLEMENTATIONS = YES;
				CLANG_WARN_DIRECT_OBJC_ISA_USAGE = YES_ERROR;
				CLANG_WARN_DOCUMENTATION_COMMENTS = YES;
				CLANG_WARN_EMPTY_BODY = YES;
				CLANG_WARN_ENUM_CONVERSION = YES;
				CLANG_WARN_INFINITE_RECURSION = YES;
				CLANG_WARN_INT_CONVERSION = YES;
				CLANG_WARN_NON_LITERAL_NULL_CONVERSION = YES;
				CLANG_WARN_OBJC_IMPLICIT_RETAIN_SELF = YES;
				CLANG_WARN_OBJC_LITERAL_CONVERSION = YES;
				CLANG_WARN_OBJC_ROOT_CLASS = YES_ERROR;
				CLANG_WARN_RANGE_LOOP_ANALYSIS = YES;
				CLANG_WARN_STRICT_PROTOTYPES = YES;
				CLANG_WARN_SUSPICIOUS_MOVE = YES;
				CLANG_WARN_UNGUARDED_AVAILABILITY = YES_AGGRESSIVE;
				CLANG_WARN_UNREACHABLE_CODE = YES;
				CLANG_WARN__DUPLICATE_METHOD_MATCH = YES;
				COPY_PHASE_STRIP = NO;
				DEBUG_INFORMATION_FORMAT = "dwarf-with-dsym";
				ENABLE_NS_ASSERTIONS = NO;
				ENABLE_STRICT_OBJC_MSGSEND = YES;
				GCC_C_LANGUAGE_STANDARD = gnu11;
				GCC_NO_COMMON_BLOCKS = YES;
				GCC_WARN_64_TO_32_BIT_CONVERSION = YES;
				GCC_WARN_ABOUT_RETURN_TYPE = YES_ERROR;
				GCC_WARN_UNDECLARED_SELECTOR = YES;
				GCC_WARN_UNINITIALIZED_AUTOS = YES_AGGRESSIVE;
				GCC_WARN_UNUSED_FUNCTION = YES;
				GCC_WARN_UNUSED_VARIABLE = YES;
				IPHONEOS_DEPLOYMENT_TARGET = 13.5;
				MTL_ENABLE_DEBUG_INFO = NO;
				MTL_FAST_MATH = YES;
				SDKROOT = iphoneos;
				SWIFT_COMPILATION_MODE = wholemodule;
				SWIFT_OPTIMIZATION_LEVEL = "-O";
				VALIDATE_PRODUCT = YES;
			};
			name = Release;
		};
		B32B306D24BB476A00C02ABC /* Debug */ = {
			isa = XCBuildConfiguration;
			buildSettings = {
				ASSETCATALOG_COMPILER_APPICON_NAME = AppIcon;
				CODE_SIGN_STYLE = Automatic;
				DEVELOPMENT_ASSET_PATHS = "\"Lunaris/Preview Content\"";
				ENABLE_PREVIEWS = YES;
				INFOPLIST_FILE = Lunaris/Info.plist;
				LD_RUNPATH_SEARCH_PATHS = (
					"$(inherited)",
					"@executable_path/Frameworks",
				);
				PRODUCT_BUNDLE_IDENTIFIER = sg.edu.nus.Lunaris;
				PRODUCT_NAME = "$(TARGET_NAME)";
				SWIFT_VERSION = 5.0;
				TARGETED_DEVICE_FAMILY = "1,2";
			};
			name = Debug;
		};
		B32B306E24BB476A00C02ABC /* Release */ = {
			isa = XCBuildConfiguration;
			buildSettings = {
				ASSETCATALOG_COMPILER_APPICON_NAME = AppIcon;
				CODE_SIGN_STYLE = Automatic;
				DEVELOPMENT_ASSET_PATHS = "\"Lunaris/Preview Content\"";
				ENABLE_PREVIEWS = YES;
				INFOPLIST_FILE = Lunaris/Info.plist;
				LD_RUNPATH_SEARCH_PATHS = (
					"$(inherited)",
					"@executable_path/Frameworks",
				);
				PRODUCT_BUNDLE_IDENTIFIER = sg.edu.nus.Lunaris;
				PRODUCT_NAME = "$(TARGET_NAME)";
				SWIFT_VERSION = 5.0;
				TARGETED_DEVICE_FAMILY = "1,2";
			};
			name = Release;
		};
/* End XCBuildConfiguration section */

/* Begin XCConfigurationList section */
		B32B305024BB476800C02ABC /* Build configuration list for PBXProject "Lunaris" */ = {
			isa = XCConfigurationList;
			buildConfigurations = (
				B32B306A24BB476A00C02ABC /* Debug */,
				B32B306B24BB476A00C02ABC /* Release */,
			);
			defaultConfigurationIsVisible = 0;
			defaultConfigurationName = Release;
		};
		B32B306C24BB476A00C02ABC /* Build configuration list for PBXNativeTarget "Lunaris" */ = {
			isa = XCConfigurationList;
			buildConfigurations = (
				B32B306D24BB476A00C02ABC /* Debug */,
				B32B306E24BB476A00C02ABC /* Release */,
			);
			defaultConfigurationIsVisible = 0;
			defaultConfigurationName = Release;
		};
/* End XCConfigurationList section */

/* Begin XCVersionGroup section */
		B32B305C24BB476800C02ABC /* Lunaris.xcdatamodeld */ = {
			isa = XCVersionGroup;
			children = (
				B32B305D24BB476800C02ABC /* Lunaris.xcdatamodel */,
			);
			currentVersion = B32B305D24BB476800C02ABC /* Lunaris.xcdatamodel */;
			path = Lunaris.xcdatamodeld;
			sourceTree = "<group>";
			versionGroupType = wrapper.xcdatamodel;
		};
/* End XCVersionGroup section */
	};
	rootObject = B32B304D24BB476800C02ABC /* Project object */;
}
